
Microsoft Visual Studio Solution File, Format Version 12.00
# Visual Studio 15
VisualStudioVersion = 15.0.27004.2010
MinimumVisualStudioVersion = 10.0.40219.1
Project("{FAE04EC0-301F-11D3-BF4B-00C04F79EFBC}") = "SearchEngine", "SearchEngine\SearchEngine.csproj", "{21CED117-42ED-4958-9672-9BBDF997003D}"
EndProject
Global
	GlobalSection(SolutionConfigurationPlatforms) = preSolution
		Debug|Any CPU = Debug|Any CPU
		Debug|x86 = Debug|x86
		Release|Any CPU = Release|Any CPU
		Release|x86 = Release|x86
	EndGlobalSection
	GlobalSection(ProjectConfigurationPlatforms) = postSolution
		{21CED117-42ED-4958-9672-9BBDF997003D}.Debug|Any CPU.ActiveCfg = Debug|Any CPU
		{21CED117-42ED-4958-9672-9BBDF997003D}.Debug|Any CPU.Build.0 = Debug|Any CPU
		{21CED117-42ED-4958-9672-9BBDF997003D}.Debug|x86.ActiveCfg = Debug|Any CPU
		{21CED117-42ED-4958-9672-9BBDF997003D}.Debug|x86.Build.0 = Debug|Any CPU
		{21CED117-42ED-4958-9672-9BBDF997003D}.Release|Any CPU.ActiveCfg = Release|Any CPU
		{21CED117-42ED-4958-9672-9BBDF997003D}.Release|Any CPU.Build.0 = Release|Any CPU
		{21CED117-42ED-4958-9672-9BBDF997003D}.Release|x86.ActiveCfg = Release|Any CPU
		{21CED117-42ED-4958-9672-9BBDF997003D}.Release|x86.Build.0 = Release|Any CPU
	EndGlobalSection
	GlobalSection(SolutionProperties) = preSolution
		HideSolutionNode = FALSE
	EndGlobalSection
	GlobalSection(ExtensibilityGlobals) = postSolution
		SolutionGuid = {485717C7-D9AD-417F-A3DA-3A413D4F3CC2}
	EndGlobalSection
EndGlobal
